
Microsoft Visual Studio Solution File, Format Version 12.00
# Visual Studio Version 17
VisualStudioVersion = 17.14.36616.10 d17.14
MinimumVisualStudioVersion = 10.0.40219.1
Project("{FAE04EC0-301F-11D3-BF4B-00C04F79EFBC}") = "TCULauncher", "TCULauncher.csproj", "{8630FD42-C463-41CB-B958-7C17367003C6}"
EndProject
Global
	GlobalSection(SolutionConfigurationPlatforms) = preSolution
		Debug|Any CPU = Debug|Any CPU
		Release|Any CPU = Release|Any CPU
	EndGlobalSection
	GlobalSection(ProjectConfigurationPlatforms) = postSolution
		{8630FD42-C463-41CB-B958-7C17367003C6}.Debug|Any CPU.ActiveCfg = Debug|Any CPU
		{8630FD42-C463-41CB-B958-7C17367003C6}.Debug|Any CPU.Build.0 = Debug|Any CPU
		{8630FD42-C463-41CB-B958-7C17367003C6}.Release|Any CPU.ActiveCfg = Release|Any CPU
		{8630FD42-C463-41CB-B958-7C17367003C6}.Release|Any CPU.Build.0 = Release|Any CPU
	EndGlobalSection
	GlobalSection(SolutionProperties) = preSolution
		HideSolutionNode = FALSE
	EndGlobalSection
	GlobalSection(ExtensibilityGlobals) = postSolution
		SolutionGuid = {2FE45A25-7031-41FA-A497-B308467A8F24}
	EndGlobalSection
EndGlobal
